// !$*UTF8*$!
{
	archiveVersion = 1;
	classes = {
	};
	objectVersion = 50;
	objects = {

/* Begin PBXBuildFile section */
		9B07B21F23F1ED1700158968 /* RouteFetcher.swift in Sources */ = {isa = PBXBuildFile; fileRef = 9B07B21E23F1ED1700158968 /* RouteFetcher.swift */; };
		9B07B22123F1EF5B00158968 /* BusListView.swift in Sources */ = {isa = PBXBuildFile; fileRef = 9B07B22023F1EF5B00158968 /* BusListView.swift */; };
		9B73E8DB23F1F89400EE608E /* BusFetcher.swift in Sources */ = {isa = PBXBuildFile; fileRef = 9B73E8DA23F1F89400EE608E /* BusFetcher.swift */; };
		9B73E8DD23F1FBCB00EE608E /* RouteListView.swift in Sources */ = {isa = PBXBuildFile; fileRef = 9B73E8DC23F1FBCB00EE608E /* RouteListView.swift */; };
		9B91DF3823E6104A00994C8C /* Route.swift in Sources */ = {isa = PBXBuildFile; fileRef = 9B91DF3723E6104A00994C8C /* Route.swift */; };
		9BB6572123E5FC19003F44A2 /* MapView.swift in Sources */ = {isa = PBXBuildFile; fileRef = 9BB6572023E5FC19003F44A2 /* MapView.swift */; };
		9BB6572323E5FFF8003F44A2 /* Bus.swift in Sources */ = {isa = PBXBuildFile; fileRef = 9BB6572223E5FFF8003F44A2 /* Bus.swift */; };
		9BB6761E23E5E48A00AE73ED /* AppDelegate.swift in Sources */ = {isa = PBXBuildFile; fileRef = 9BB6761D23E5E48A00AE73ED /* AppDelegate.swift */; };
		9BB6762023E5E48A00AE73ED /* SceneDelegate.swift in Sources */ = {isa = PBXBuildFile; fileRef = 9BB6761F23E5E48A00AE73ED /* SceneDelegate.swift */; };
		9BB6762323E5E48A00AE73ED /* CollegeTransit.xcdatamodeld in Sources */ = {isa = PBXBuildFile; fileRef = 9BB6762123E5E48A00AE73ED /* CollegeTransit.xcdatamodeld */; };
		9BB6762523E5E48A00AE73ED /* ContentView.swift in Sources */ = {isa = PBXBuildFile; fileRef = 9BB6762423E5E48A00AE73ED /* ContentView.swift */; };
		9BB6762723E5E48B00AE73ED /* Assets.xcassets in Resources */ = {isa = PBXBuildFile; fileRef = 9BB6762623E5E48B00AE73ED /* Assets.xcassets */; };
		9BB6762A23E5E48B00AE73ED /* Preview Assets.xcassets in Resources */ = {isa = PBXBuildFile; fileRef = 9BB6762923E5E48B00AE73ED /* Preview Assets.xcassets */; };
		9BB6762D23E5E48B00AE73ED /* LaunchScreen.storyboard in Resources */ = {isa = PBXBuildFile; fileRef = 9BB6762B23E5E48B00AE73ED /* LaunchScreen.storyboard */; };
/* End PBXBuildFile section */

/* Begin PBXFileReference section */
		9B07B21E23F1ED1700158968 /* RouteFetcher.swift */ = {isa = PBXFileReference; lastKnownFileType = sourcecode.swift; path = RouteFetcher.swift; sourceTree = "<group>"; };
		9B07B22023F1EF5B00158968 /* BusListView.swift */ = {isa = PBXFileReference; lastKnownFileType = sourcecode.swift; path = BusListView.swift; sourceTree = "<group>"; };
		9B73E8DA23F1F89400EE608E /* BusFetcher.swift */ = {isa = PBXFileReference; lastKnownFileType = sourcecode.swift; path = BusFetcher.swift; sourceTree = "<group>"; };
		9B73E8DC23F1FBCB00EE608E /* RouteListView.swift */ = {isa = PBXFileReference; lastKnownFileType = sourcecode.swift; path = RouteListView.swift; sourceTree = "<group>"; };
		9B91DF3723E6104A00994C8C /* Route.swift */ = {isa = PBXFileReference; lastKnownFileType = sourcecode.swift; path = Route.swift; sourceTree = "<group>"; };
		9BB6572023E5FC19003F44A2 /* MapView.swift */ = {isa = PBXFileReference; lastKnownFileType = sourcecode.swift; path = MapView.swift; sourceTree = "<group>"; };
		9BB6572223E5FFF8003F44A2 /* Bus.swift */ = {isa = PBXFileReference; lastKnownFileType = sourcecode.swift; path = Bus.swift; sourceTree = "<group>"; };
		9BB6761A23E5E48A00AE73ED /* CollegeTransit.app */ = {isa = PBXFileReference; explicitFileType = wrapper.application; includeInIndex = 0; path = CollegeTransit.app; sourceTree = BUILT_PRODUCTS_DIR; };
		9BB6761D23E5E48A00AE73ED /* AppDelegate.swift */ = {isa = PBXFileReference; lastKnownFileType = sourcecode.swift; path = AppDelegate.swift; sourceTree = "<group>"; };
		9BB6761F23E5E48A00AE73ED /* SceneDelegate.swift */ = {isa = PBXFileReference; lastKnownFileType = sourcecode.swift; path = SceneDelegate.swift; sourceTree = "<group>"; };
		9BB6762223E5E48A00AE73ED /* CollegeTransit.xcdatamodel */ = {isa = PBXFileReference; lastKnownFileType = wrapper.xcdatamodel; path = CollegeTransit.xcdatamodel; sourceTree = "<group>"; };
		9BB6762423E5E48A00AE73ED /* ContentView.swift */ = {isa = PBXFileReference; lastKnownFileType = sourcecode.swift; path = ContentView.swift; sourceTree = "<group>"; };
		9BB6762623E5E48B00AE73ED /* Assets.xcassets */ = {isa = PBXFileReference; lastKnownFileType = folder.assetcatalog; path = Assets.xcassets; sourceTree = "<group>"; };
		9BB6762923E5E48B00AE73ED /* Preview Assets.xcassets */ = {isa = PBXFileReference; lastKnownFileType = folder.assetcatalog; path = "Preview Assets.xcassets"; sourceTree = "<group>"; };
		9BB6762C23E5E48B00AE73ED /* Base */ = {isa = PBXFileReference; lastKnownFileType = file.storyboard; name = Base; path = Base.lproj/LaunchScreen.storyboard; sourceTree = "<group>"; };
		9BB6762E23E5E48B00AE73ED /* Info.plist */ = {isa = PBXFileReference; lastKnownFileType = text.plist.xml; path = Info.plist; sourceTree = "<group>"; };
/* End PBXFileReference section */

/* Begin PBXFrameworksBuildPhase section */
		9BB6761723E5E48A00AE73ED /* Frameworks */ = {
			isa = PBXFrameworksBuildPhase;
			buildActionMask = 2147483647;
			files = (
			);
			runOnlyForDeploymentPostprocessing = 0;
		};
/* End PBXFrameworksBuildPhase section */

/* Begin PBXGroup section */
		9BB6761123E5E48A00AE73ED = {
			isa = PBXGroup;
			children = (
				9BB6761C23E5E48A00AE73ED /* CollegeTransit */,
				9BB6761B23E5E48A00AE73ED /* Products */,
			);
			sourceTree = "<group>";
		};
		9BB6761B23E5E48A00AE73ED /* Products */ = {
			isa = PBXGroup;
			children = (
				9BB6761A23E5E48A00AE73ED /* CollegeTransit.app */,
			);
			name = Products;
			sourceTree = "<group>";
		};
		9BB6761C23E5E48A00AE73ED /* CollegeTransit */ = {
			isa = PBXGroup;
			children = (
				9BB6761D23E5E48A00AE73ED /* AppDelegate.swift */,
				9BB6761F23E5E48A00AE73ED /* SceneDelegate.swift */,
				9BB6762423E5E48A00AE73ED /* ContentView.swift */,
				9BB6762623E5E48B00AE73ED /* Assets.xcassets */,
				9BB6762B23E5E48B00AE73ED /* LaunchScreen.storyboard */,
				9BB6762E23E5E48B00AE73ED /* Info.plist */,
				9BB6762123E5E48A00AE73ED /* CollegeTransit.xcdatamodeld */,
				9BB6762823E5E48B00AE73ED /* Preview Content */,
				9BB6572023E5FC19003F44A2 /* MapView.swift */,
				9BB6572223E5FFF8003F44A2 /* Bus.swift */,
				9B91DF3723E6104A00994C8C /* Route.swift */,
				9B07B21E23F1ED1700158968 /* RouteFetcher.swift */,
				9B07B22023F1EF5B00158968 /* BusListView.swift */,
				9B73E8DA23F1F89400EE608E /* BusFetcher.swift */,
				9B73E8DC23F1FBCB00EE608E /* RouteListView.swift */,
			);
			path = CollegeTransit;
			sourceTree = "<group>";
		};
		9BB6762823E5E48B00AE73ED /* Preview Content */ = {
			isa = PBXGroup;
			children = (
				9BB6762923E5E48B00AE73ED /* Preview Assets.xcassets */,
			);
			path = "Preview Content";
			sourceTree = "<group>";
		};
/* End PBXGroup section */

/* Begin PBXNativeTarget section */
		9BB6761923E5E48A00AE73ED /* CollegeTransit */ = {
			isa = PBXNativeTarget;
			buildConfigurationList = 9BB6763123E5E48B00AE73ED /* Build configuration list for PBXNativeTarget "CollegeTransit" */;
			buildPhases = (
				9BB6761623E5E48A00AE73ED /* Sources */,
				9BB6761723E5E48A00AE73ED /* Frameworks */,
				9BB6761823E5E48A00AE73ED /* Resources */,
			);
			buildRules = (
			);
			dependencies = (
			);
			name = CollegeTransit;
			productName = CollegeTransit;
			productReference = 9BB6761A23E5E48A00AE73ED /* CollegeTransit.app */;
			productType = "com.apple.product-type.application";
		};
/* End PBXNativeTarget section */

/* Begin PBXProject section */
		9BB6761223E5E48A00AE73ED /* Project object */ = {
			isa = PBXProject;
			attributes = {
				LastSwiftUpdateCheck = 1130;
				LastUpgradeCheck = 1130;
				ORGANIZATIONNAME = "Jacob Miller";
				TargetAttributes = {
					9BB6761923E5E48A00AE73ED = {
						CreatedOnToolsVersion = 11.3;
					};
				};
			};
			buildConfigurationList = 9BB6761523E5E48A00AE73ED /* Build configuration list for PBXProject "CollegeTransit" */;
			compatibilityVersion = "Xcode 9.3";
			developmentRegion = en;
			hasScannedForEncodings = 0;
			knownRegions = (
				en,
				Base,
			);
			mainGroup = 9BB6761123E5E48A00AE73ED;
			productRefGroup = 9BB6761B23E5E48A00AE73ED /* Products */;
			projectDirPath = "";
			projectRoot = "";
			targets = (
				9BB6761923E5E48A00AE73ED /* CollegeTransit */,
			);
		};
/* End PBXProject section */

/* Begin PBXResourcesBuildPhase section */
		9BB6761823E5E48A00AE73ED /* Resources */ = {
			isa = PBXResourcesBuildPhase;
			buildActionMask = 2147483647;
			files = (
				9BB6762D23E5E48B00AE73ED /* LaunchScreen.storyboard in Resources */,
				9BB6762A23E5E48B00AE73ED /* Preview Assets.xcassets in Resources */,
				9BB6762723E5E48B00AE73ED /* Assets.xcassets in Resources */,
			);
			runOnlyForDeploymentPostprocessing = 0;
		};
/* End PBXResourcesBuildPhase section */

/* Begin PBXSourcesBuildPhase section */
		9BB6761623E5E48A00AE73ED /* Sources */ = {
			isa = PBXSourcesBuildPhase;
			buildActionMask = 2147483647;
			files = (
				9BB6572323E5FFF8003F44A2 /* Bus.swift in Sources */,
				9BB6761E23E5E48A00AE73ED /* AppDelegate.swift in Sources */,
				9BB6762323E5E48A00AE73ED /* CollegeTransit.xcdatamodeld in Sources */,
				9B73E8DD23F1FBCB00EE608E /* RouteListView.swift in Sources */,
				9BB6762523E5E48A00AE73ED /* ContentView.swift in Sources */,
				9B91DF3823E6104A00994C8C /* Route.swift in Sources */,
				9B07B21F23F1ED1700158968 /* RouteFetcher.swift in Sources */,
				9BB6572123E5FC19003F44A2 /* MapView.swift in Sources */,
				9BB6762023E5E48A00AE73ED /* SceneDelegate.swift in Sources */,
				9B73E8DB23F1F89400EE608E /* BusFetcher.swift in Sources */,
				9B07B22123F1EF5B00158968 /* BusListView.swift in Sources */,
			);
			runOnlyForDeploymentPostprocessing = 0;
		};
/* End PBXSourcesBuildPhase section */

/* Begin PBXVariantGroup section */
		9BB6762B23E5E48B00AE73ED /* LaunchScreen.storyboard */ = {
			isa = PBXVariantGroup;
			children = (
				9BB6762C23E5E48B00AE73ED /* Base */,
			);
			name = LaunchScreen.storyboard;
			sourceTree = "<group>";
		};
/* End PBXVariantGroup section */

/* Begin XCBuildConfiguration section */
		9BB6762F23E5E48B00AE73ED /* Debug */ = {
			isa = XCBuildConfiguration;
			buildSettings = {
				ALWAYS_SEARCH_USER_PATHS = NO;
				CLANG_ANALYZER_NONNULL = YES;
				CLANG_ANALYZER_NUMBER_OBJECT_CONVERSION = YES_AGGRESSIVE;
				CLANG_CXX_LANGUAGE_STANDARD = "gnu++14";
				CLANG_CXX_LIBRARY = "libc++";
				CLANG_ENABLE_MODULES = YES;
				CLANG_ENABLE_OBJC_ARC = YES;
				CLANG_ENABLE_OBJC_WEAK = YES;
				CLANG_WARN_BLOCK_CAPTURE_AUTORELEASING = YES;
				CLANG_WARN_BOOL_CONVERSION = YES;
				CLANG_WARN_COMMA = YES;
				CLANG_WARN_CONSTANT_CONVERSION = YES;
				CLANG_WARN_DEPRECATED_OBJC_IMPLEMENTATIONS = YES;
				CLANG_WARN_DIRECT_OBJC_ISA_USAGE = YES_ERROR;
				CLANG_WARN_DOCUMENTATION_COMMENTS = YES;
				CLANG_WARN_EMPTY_BODY = YES;
				CLANG_WARN_ENUM_CONVERSION = YES;
				CLANG_WARN_INFINITE_RECURSION = YES;
				CLANG_WARN_INT_CONVERSION = YES;
				CLANG_WARN_NON_LITERAL_NULL_CONVERSION = YES;
				CLANG_WARN_OBJC_IMPLICIT_RETAIN_SELF = YES;
				CLANG_WARN_OBJC_LITERAL_CONVERSION = YES;
				CLANG_WARN_OBJC_ROOT_CLASS = YES_ERROR;
				CLANG_WARN_RANGE_LOOP_ANALYSIS = YES;
				CLANG_WARN_STRICT_PROTOTYPES = YES;
				CLANG_WARN_SUSPICIOUS_MOVE = YES;
				CLANG_WARN_UNGUARDED_AVAILABILITY = YES_AGGRESSIVE;
				CLANG_WARN_UNREACHABLE_CODE = YES;
				CLANG_WARN__DUPLICATE_METHOD_MATCH = YES;
				COPY_PHASE_STRIP = NO;
				DEBUG_INFORMATION_FORMAT = dwarf;
				ENABLE_STRICT_OBJC_MSGSEND = YES;
				ENABLE_TESTABILITY = YES;
				GCC_C_LANGUAGE_STANDARD = gnu11;
				GCC_DYNAMIC_NO_PIC = NO;
				GCC_NO_COMMON_BLOCKS = YES;
				GCC_OPTIMIZATION_LEVEL = 0;
				GCC_PREPROCESSOR_DEFINITIONS = (
					"DEBUG=1",
					"$(inherited)",
				);
				GCC_WARN_64_TO_32_BIT_CONVERSION = YES;
				GCC_WARN_ABOUT_RETURN_TYPE = YES_ERROR;
				GCC_WARN_UNDECLARED_SELECTOR = YES;
				GCC_WARN_UNINITIALIZED_AUTOS = YES_AGGRESSIVE;
				GCC_WARN_UNUSED_FUNCTION = YES;
				GCC_WARN_UNUSED_VARIABLE = YES;
				IPHONEOS_DEPLOYMENT_TARGET = 13.2;
				MTL_ENABLE_DEBUG_INFO = INCLUDE_SOURCE;
				MTL_FAST_MATH = YES;
				ONLY_ACTIVE_ARCH = YES;
				SDKROOT = iphoneos;
				SWIFT_ACTIVE_COMPILATION_CONDITIONS = DEBUG;
				SWIFT_OPTIMIZATION_LEVEL = "-Onone";
			};
			name = Debug;
		};
		9BB6763023E5E48B00AE73ED /* Release */ = {
			isa = XCBuildConfiguration;
			buildSettings = {
				ALWAYS_SEARCH_USER_PATHS = NO;
				CLANG_ANALYZER_NONNULL = YES;
				CLANG_ANALYZER_NUMBER_OBJECT_CONVERSION = YES_AGGRESSIVE;
				CLANG_CXX_LANGUAGE_STANDARD = "gnu++14";
				CLANG_CXX_LIBRARY = "libc++";
				CLANG_ENABLE_MODULES = YES;
				CLANG_ENABLE_OBJC_ARC = YES;
				CLANG_ENABLE_OBJC_WEAK = YES;
				CLANG_WARN_BLOCK_CAPTURE_AUTORELEASING = YES;
				CLANG_WARN_BOOL_CONVERSION = YES;
				CLANG_WARN_COMMA = YES;
				CLANG_WARN_CONSTANT_CONVERSION = YES;
				CLANG_WARN_DEPRECATED_OBJC_IMPLEMENTATIONS = YES;
				CLANG_WARN_DIRECT_OBJC_ISA_USAGE = YES_ERROR;
				CLANG_WARN_DOCUMENTATION_COMMENTS = YES;
				CLANG_WARN_EMPTY_BODY = YES;
				CLANG_WARN_ENUM_CONVERSION = YES;
				CLANG_WARN_INFINITE_RECURSION = YES;
				CLANG_WARN_INT_CONVERSION = YES;
				CLANG_WARN_NON_LITERAL_NULL_CONVERSION = YES;
				CLANG_WARN_OBJC_IMPLICIT_RETAIN_SELF = YES;
				CLANG_WARN_OBJC_LITERAL_CONVERSION = YES;
				CLANG_WARN_OBJC_ROOT_CLASS = YES_ERROR;
				CLANG_WARN_RANGE_LOOP_ANALYSIS = YES;
				CLANG_WARN_STRICT_PROTOTYPES = YES;
				CLANG_WARN_SUSPICIOUS_MOVE = YES;
				CLANG_WARN_UNGUARDED_AVAILABILITY = YES_AGGRESSIVE;
				CLANG_WARN_UNREACHABLE_CODE = YES;
				CLANG_WARN__DUPLICATE_METHOD_MATCH = YES;
				COPY_PHASE_STRIP = NO;
				DEBUG_INFORMATION_FORMAT = "dwarf-with-dsym";
				ENABLE_NS_ASSERTIONS = NO;
				ENABLE_STRICT_OBJC_MSGSEND = YES;
				GCC_C_LANGUAGE_STANDARD = gnu11;
				GCC_NO_COMMON_BLOCKS = YES;
				GCC_WARN_64_TO_32_BIT_CONVERSION = YES;
				GCC_WARN_ABOUT_RETURN_TYPE = YES_ERROR;
				GCC_WARN_UNDECLARED_SELECTOR = YES;
				GCC_WARN_UNINITIALIZED_AUTOS = YES_AGGRESSIVE;
				GCC_WARN_UNUSED_FUNCTION = YES;
				GCC_WARN_UNUSED_VARIABLE = YES;
				IPHONEOS_DEPLOYMENT_TARGET = 13.2;
				MTL_ENABLE_DEBUG_INFO = NO;
				MTL_FAST_MATH = YES;
				SDKROOT = iphoneos;
				SWIFT_COMPILATION_MODE = wholemodule;
				SWIFT_OPTIMIZATION_LEVEL = "-O";
				VALIDATE_PRODUCT = YES;
			};
			name = Release;
		};
		9BB6763223E5E48B00AE73ED /* Debug */ = {
			isa = XCBuildConfiguration;
			buildSettings = {
				ASSETCATALOG_COMPILER_APPICON_NAME = AppIcon;
				CODE_SIGN_STYLE = Automatic;
				DEVELOPMENT_ASSET_PATHS = "\"CollegeTransit/Preview Content\"";
				DEVELOPMENT_TEAM = 6LBFJVDCRN;
				ENABLE_PREVIEWS = YES;
				INFOPLIST_FILE = CollegeTransit/Info.plist;
				LD_RUNPATH_SEARCH_PATHS = (
					"$(inherited)",
					"@executable_path/Frameworks",
				);
				PRODUCT_BUNDLE_IDENTIFIER = jacobmiller22.CollegeTransit;
				PRODUCT_NAME = "$(TARGET_NAME)";
				SWIFT_VERSION = 5.0;
				TARGETED_DEVICE_FAMILY = "1,2";
			};
			name = Debug;
		};
		9BB6763323E5E48B00AE73ED /* Release */ = {
			isa = XCBuildConfiguration;
			buildSettings = {
				ASSETCATALOG_COMPILER_APPICON_NAME = AppIcon;
				CODE_SIGN_STYLE = Automatic;
				DEVELOPMENT_ASSET_PATHS = "\"CollegeTransit/Preview Content\"";
				DEVELOPMENT_TEAM = 6LBFJVDCRN;
				ENABLE_PREVIEWS = YES;
				INFOPLIST_FILE = CollegeTransit/Info.plist;
				LD_RUNPATH_SEARCH_PATHS = (
					"$(inherited)",
					"@executable_path/Frameworks",
				);
				PRODUCT_BUNDLE_IDENTIFIER = jacobmiller22.CollegeTransit;
				PRODUCT_NAME = "$(TARGET_NAME)";
				SWIFT_VERSION = 5.0;
				TARGETED_DEVICE_FAMILY = "1,2";
			};
			name = Release;
		};
/* End XCBuildConfiguration section */

/* Begin XCConfigurationList section */
		9BB6761523E5E48A00AE73ED /* Build configuration list for PBXProject "CollegeTransit" */ = {
			isa = XCConfigurationList;
			buildConfigurations = (
				9BB6762F23E5E48B00AE73ED /* Debug */,
				9BB6763023E5E48B00AE73ED /* Release */,
			);
			defaultConfigurationIsVisible = 0;
			defaultConfigurationName = Release;
		};
		9BB6763123E5E48B00AE73ED /* Build configuration list for PBXNativeTarget "CollegeTransit" */ = {
			isa = XCConfigurationList;
			buildConfigurations = (
				9BB6763223E5E48B00AE73ED /* Debug */,
				9BB6763323E5E48B00AE73ED /* Release */,
			);
			defaultConfigurationIsVisible = 0;
			defaultConfigurationName = Release;
		};
/* End XCConfigurationList section */

/* Begin XCVersionGroup section */
		9BB6762123E5E48A00AE73ED /* CollegeTransit.xcdatamodeld */ = {
			isa = XCVersionGroup;
			children = (
				9BB6762223E5E48A00AE73ED /* CollegeTransit.xcdatamodel */,
			);
			currentVersion = 9BB6762223E5E48A00AE73ED /* CollegeTransit.xcdatamodel */;
			path = CollegeTransit.xcdatamodeld;
			sourceTree = "<group>";
			versionGroupType = wrapper.xcdatamodel;
		};
/* End XCVersionGroup section */
	};
	rootObject = 9BB6761223E5E48A00AE73ED /* Project object */;
}
